
Microsoft Visual Studio Solution File, Format Version 12.00
# Visual Studio Version 16
VisualStudioVersion = 16.0.31424.327
MinimumVisualStudioVersion = 10.0.40219.1
Project("{FAE04EC0-301F-11D3-BF4B-00C04F79EFBC}") = "ConsoleApp", "ConsoleApp.csproj", "{B34D7AE5-9C1C-4A76-9967-FBD32BEC2EFC}"
EndProject
Global
	GlobalSection(SolutionConfigurationPlatforms) = preSolution
		Debug|Any CPU = Debug|Any CPU
		Release|Any CPU = Release|Any CPU
	EndGlobalSection
	GlobalSection(ProjectConfigurationPlatforms) = postSolution
		{B34D7AE5-9C1C-4A76-9967-FBD32BEC2EFC}.Debug|Any CPU.ActiveCfg = Debug|Any CPU
		{B34D7AE5-9C1C-4A76-9967-FBD32BEC2EFC}.Debug|Any CPU.Build.0 = Debug|Any CPU
		{B34D7AE5-9C1C-4A76-9967-FBD32BEC2EFC}.Release|Any CPU.ActiveCfg = Release|Any CPU
		{B34D7AE5-9C1C-4A76-9967-FBD32BEC2EFC}.Release|Any CPU.Build.0 = Release|Any CPU
	EndGlobalSection
	GlobalSection(SolutionProperties) = preSolution
		HideSolutionNode = FALSE
	EndGlobalSection
	GlobalSection(ExtensibilityGlobals) = postSolution
		SolutionGuid = {523A881A-8C1B-4D00-9313-9E7D6C5DC01E}
	EndGlobalSection
EndGlobal
